
Microsoft Visual Studio Solution File, Format Version 12.00
# Visual Studio Version 17
VisualStudioVersion = 17.11.35312.102
MinimumVisualStudioVersion = 10.0.40219.1
Project("{FAE04EC0-301F-11D3-BF4B-00C04F79EFBC}") = "QuanLyCuaHangBanSach", "QuanLyCuaHangBanSach.csproj", "{191A1B1F-63AF-42D4-A26C-5A8329559AA2}"
EndProject
Global
	GlobalSection(SolutionConfigurationPlatforms) = preSolution
		Debug|Any CPU = Debug|Any CPU
		Release|Any CPU = Release|Any CPU
	EndGlobalSection
	GlobalSection(ProjectConfigurationPlatforms) = postSolution
		{191A1B1F-63AF-42D4-A26C-5A8329559AA2}.Debug|Any CPU.ActiveCfg = Debug|Any CPU
		{191A1B1F-63AF-42D4-A26C-5A8329559AA2}.Debug|Any CPU.Build.0 = Debug|Any CPU
		{191A1B1F-63AF-42D4-A26C-5A8329559AA2}.Release|Any CPU.ActiveCfg = Release|Any CPU
		{191A1B1F-63AF-42D4-A26C-5A8329559AA2}.Release|Any CPU.Build.0 = Release|Any CPU
	EndGlobalSection
	GlobalSection(SolutionProperties) = preSolution
		HideSolutionNode = FALSE
	EndGlobalSection
	GlobalSection(ExtensibilityGlobals) = postSolution
		SolutionGuid = {17ECC1AD-2F83-42FA-BB73-410CE51A7158}
	EndGlobalSection
EndGlobal
